
Microsoft Visual Studio Solution File, Format Version 12.00
# Visual Studio Version 16
VisualStudioVersion = 16.0.31729.503
MinimumVisualStudioVersion = 10.0.40219.1
Project("{9A19103F-16F7-4668-BE54-9A1E7A4F7556}") = "VSEAT_Console", "VSEAT\VSEAT_Console.csproj", "{464E9480-964C-46C5-80C2-EB7FDC186282}"
EndProject
Project("{9A19103F-16F7-4668-BE54-9A1E7A4F7556}") = "DAL", "DAL\DAL.csproj", "{F8C6F11E-EDBA-42D9-83B9-7D9FD11CDD08}"
EndProject
Project("{9A19103F-16F7-4668-BE54-9A1E7A4F7556}") = "BLL", "BLL\BLL.csproj", "{C9A69749-A732-4D08-9EF9-2A2706640095}"
EndProject
Project("{9A19103F-16F7-4668-BE54-9A1E7A4F7556}") = "DTO", "DTO\DTO.csproj", "{01E12402-EB01-4C6E-B90B-1543F89AF5A5}"
EndProject
Global
	GlobalSection(SolutionConfigurationPlatforms) = preSolution
		Debug|Any CPU = Debug|Any CPU
		Release|Any CPU = Release|Any CPU
	EndGlobalSection
	GlobalSection(ProjectConfigurationPlatforms) = postSolution
		{464E9480-964C-46C5-80C2-EB7FDC186282}.Debug|Any CPU.ActiveCfg = Debug|Any CPU
		{464E9480-964C-46C5-80C2-EB7FDC186282}.Debug|Any CPU.Build.0 = Debug|Any CPU
		{464E9480-964C-46C5-80C2-EB7FDC186282}.Release|Any CPU.ActiveCfg = Release|Any CPU
		{464E9480-964C-46C5-80C2-EB7FDC186282}.Release|Any CPU.Build.0 = Release|Any CPU
		{F8C6F11E-EDBA-42D9-83B9-7D9FD11CDD08}.Debug|Any CPU.ActiveCfg = Debug|Any CPU
		{F8C6F11E-EDBA-42D9-83B9-7D9FD11CDD08}.Debug|Any CPU.Build.0 = Debug|Any CPU
		{F8C6F11E-EDBA-42D9-83B9-7D9FD11CDD08}.Release|Any CPU.ActiveCfg = Release|Any CPU
		{F8C6F11E-EDBA-42D9-83B9-7D9FD11CDD08}.Release|Any CPU.Build.0 = Release|Any CPU
		{C9A69749-A732-4D08-9EF9-2A2706640095}.Debug|Any CPU.ActiveCfg = Debug|Any CPU
		{C9A69749-A732-4D08-9EF9-2A2706640095}.Debug|Any CPU.Build.0 = Debug|Any CPU
		{C9A69749-A732-4D08-9EF9-2A2706640095}.Release|Any CPU.ActiveCfg = Release|Any CPU
		{C9A69749-A732-4D08-9EF9-2A2706640095}.Release|Any CPU.Build.0 = Release|Any CPU
		{01E12402-EB01-4C6E-B90B-1543F89AF5A5}.Debug|Any CPU.ActiveCfg = Debug|Any CPU
		{01E12402-EB01-4C6E-B90B-1543F89AF5A5}.Debug|Any CPU.Build.0 = Debug|Any CPU
		{01E12402-EB01-4C6E-B90B-1543F89AF5A5}.Release|Any CPU.ActiveCfg = Release|Any CPU
		{01E12402-EB01-4C6E-B90B-1543F89AF5A5}.Release|Any CPU.Build.0 = Release|Any CPU
	EndGlobalSection
	GlobalSection(SolutionProperties) = preSolution
		HideSolutionNode = FALSE
	EndGlobalSection
	GlobalSection(ExtensibilityGlobals) = postSolution
		SolutionGuid = {D16A49A9-96FE-4AEA-B6FA-618532F8F42E}
	EndGlobalSection
EndGlobal
